{
  "name": "dr07v1",
  "version": "1.0.0",
  "lockfileVersion": 1,
  "requires": true,
  "dependencies": {
    "howler": {
      "version": "2.2.3",
      "resolved": "https://registry.npmjs.org/howler/-/howler-2.2.3.tgz",
      "integrity": "sha512-QM0FFkw0LRX1PR8pNzJVAY25JhIWvbKMBFM4gqk+QdV+kPXOhleWGCB6AiAF/goGjIHK2e/nIElplvjQwhr0jg=="
    },
    "luxon": {
      "version": "3.2.1",
      "resolved": "https://registry.npmjs.org/luxon/-/luxon-3.2.1.tgz",
      "integrity": "sha512-QrwPArQCNLAKGO/C+ZIilgIuDnEnKx5QYODdDtbFaxzsbZcc/a7WFq7MhsVYgRlwawLtvOUESTlfJ+hc/USqPg=="
    }
  }
}
